{
  "name": "WorkoutApp-MERN",
  "lockfileVersion": 3,
  "requires": true,
  "packages": {
    "": {
      "dependencies": {
        "helmet": "^7.0.0",
        "xss-clean": "^0.1.4"
      }
    },
    "node_modules/helmet": {
      "version": "7.0.0",
      "resolved": "https://registry.npmjs.org/helmet/-/helmet-7.0.0.tgz",
      "integrity": "sha512-MsIgYmdBh460ZZ8cJC81q4XJknjG567wzEmv46WOBblDb6TUd3z8/GhgmsM9pn8g2B80tAJ4m5/d3Bi1KrSUBQ==",
      "engines": {
        "node": ">=16.0.0"
      }
    },
    "node_modules/xss-clean": {
      "version": "0.1.4",
      "resolved": "https://registry.npmjs.org/xss-clean/-/xss-clean-0.1.4.tgz",
      "integrity": "sha512-4hArTFHYxrifK9VXOu/zFvwjTXVjKByPi6woUHb1IqxlX0Z4xtFBRjOhTKuYV/uE1VswbYsIh5vUEYp7MmoISQ==",
      "deprecated": "Package no longer supported. Contact Support at https://www.npmjs.com/support for more info.",
      "dependencies": {
        "xss-filters": "1.2.7"
      }
    },
    "node_modules/xss-filters": {
      "version": "1.2.7",
      "resolved": "https://registry.npmjs.org/xss-filters/-/xss-filters-1.2.7.tgz",
      "integrity": "sha512-KzcmYT/f+YzcYrYRqw6mXxd25BEZCxBQnf+uXTopQDIhrmiaLwO+f+yLsIvvNlPhYvgff8g3igqrBxYh9k8NbQ=="
    }
  }
}
